
Microsoft Visual Studio Solution File, Format Version 12.00
# Visual Studio 2013
VisualStudioVersion = 12.0.40629.0
MinimumVisualStudioVersion = 10.0.40219.1
Project("{FAE04EC0-301F-11D3-BF4B-00C04F79EFBC}") = "EasyShare", "EasyShare\EasyShare.csproj", "{10968CB1-6336-478A-9AC8-6B4E79B45971}"
EndProject
Global
	GlobalSection(SolutionConfigurationPlatforms) = preSolution
		Debug|Any CPU = Debug|Any CPU
		Release|Any CPU = Release|Any CPU
	EndGlobalSection
	GlobalSection(ProjectConfigurationPlatforms) = postSolution
		{10968CB1-6336-478A-9AC8-6B4E79B45971}.Debug|Any CPU.ActiveCfg = Debug|Any CPU
		{10968CB1-6336-478A-9AC8-6B4E79B45971}.Debug|Any CPU.Build.0 = Debug|Any CPU
		{10968CB1-6336-478A-9AC8-6B4E79B45971}.Release|Any CPU.ActiveCfg = Release|Any CPU
		{10968CB1-6336-478A-9AC8-6B4E79B45971}.Release|Any CPU.Build.0 = Release|Any CPU
	EndGlobalSection
	GlobalSection(SolutionProperties) = preSolution
		HideSolutionNode = FALSE
	EndGlobalSection
EndGlobal
